// !$*UTF8*$!
{
	archiveVersion = 1;
	classes = {
	};
	objectVersion = 50;
	objects = {

/* Begin PBXBuildFile section */
		046813AD26586E9100797A72 /* DbHelper.swift in Sources */ = {isa = PBXBuildFile; fileRef = 046813AC26586E9100797A72 /* DbHelper.swift */; };
		046813B02658724400797A72 /* SingUp.swift in Sources */ = {isa = PBXBuildFile; fileRef = 046813AF2658724400797A72 /* SingUp.swift */; };
		046813B22658724D00797A72 /* SignIn.swift in Sources */ = {isa = PBXBuildFile; fileRef = 046813B12658724D00797A72 /* SignIn.swift */; };
		046813BF2659C2E600797A72 /* IURLRequest.swift in Sources */ = {isa = PBXBuildFile; fileRef = 046813BE2659C2E600797A72 /* IURLRequest.swift */; };
		046813C22659C46D00797A72 /* Route.swift in Sources */ = {isa = PBXBuildFile; fileRef = 046813C12659C46D00797A72 /* Route.swift */; };
		046813C72659CDF500797A72 /* InputValidation.swift in Sources */ = {isa = PBXBuildFile; fileRef = 046813C62659CDF500797A72 /* InputValidation.swift */; };
		047D9B3226543DFD0091298E /* IGetResource.swift in Sources */ = {isa = PBXBuildFile; fileRef = 047D9B3126543DFD0091298E /* IGetResource.swift */; };
		048AEC5E2652D74900960670 /* RoundedButton.swift in Sources */ = {isa = PBXBuildFile; fileRef = 048AEC5D2652D74900960670 /* RoundedButton.swift */; };
		048AEC612652EECB00960670 /* AuthenticationViewController.swift in Sources */ = {isa = PBXBuildFile; fileRef = 048AEC602652EECB00960670 /* AuthenticationViewController.swift */; };
		048AEC652652F06100960670 /* User.swift in Sources */ = {isa = PBXBuildFile; fileRef = 048AEC642652F06100960670 /* User.swift */; };
		048AEC682652F11B00960670 /* IWebService.swift in Sources */ = {isa = PBXBuildFile; fileRef = 048AEC672652F11B00960670 /* IWebService.swift */; };
		048AEC6B2652F54E00960670 /* AuthenticationViewModel.swift in Sources */ = {isa = PBXBuildFile; fileRef = 048AEC6A2652F54E00960670 /* AuthenticationViewModel.swift */; };
		048AEC6D2653001000960670 /* RouteName.swift in Sources */ = {isa = PBXBuildFile; fileRef = 048AEC6C2653001000960670 /* RouteName.swift */; };
		048AEC6F26533B6200960670 /* HttpMethods.swift in Sources */ = {isa = PBXBuildFile; fileRef = 048AEC6E26533B6200960670 /* HttpMethods.swift */; };
		04A23C1326544F1300DF4F9D /* AuthenticationRepository.swift in Sources */ = {isa = PBXBuildFile; fileRef = 04A23C1226544F1300DF4F9D /* AuthenticationRepository.swift */; };
		04B90EE7264F63830099CAB9 /* AppDelegate.swift in Sources */ = {isa = PBXBuildFile; fileRef = 04B90EE6264F63830099CAB9 /* AppDelegate.swift */; };
		04B90EE9264F63830099CAB9 /* SceneDelegate.swift in Sources */ = {isa = PBXBuildFile; fileRef = 04B90EE8264F63830099CAB9 /* SceneDelegate.swift */; };
		04B90EEB264F63830099CAB9 /* HomeViewController.swift in Sources */ = {isa = PBXBuildFile; fileRef = 04B90EEA264F63830099CAB9 /* HomeViewController.swift */; };
		04B90EEE264F63830099CAB9 /* Main.storyboard in Resources */ = {isa = PBXBuildFile; fileRef = 04B90EEC264F63830099CAB9 /* Main.storyboard */; };
		04B90EF0264F63860099CAB9 /* Assets.xcassets in Resources */ = {isa = PBXBuildFile; fileRef = 04B90EEF264F63860099CAB9 /* Assets.xcassets */; };
		04B90EF3264F63860099CAB9 /* LaunchScreen.storyboard in Resources */ = {isa = PBXBuildFile; fileRef = 04B90EF1264F63860099CAB9 /* LaunchScreen.storyboard */; };
		04BBAE2826580AFD00815B03 /* IPostResource.swift in Sources */ = {isa = PBXBuildFile; fileRef = 04BBAE2726580AFD00815B03 /* IPostResource.swift */; };
		04BBAE2A26580B7800815B03 /* UserToken.swift in Sources */ = {isa = PBXBuildFile; fileRef = 04BBAE2926580B7800815B03 /* UserToken.swift */; };
/* End PBXBuildFile section */

/* Begin PBXFileReference section */
		046813AC26586E9100797A72 /* DbHelper.swift */ = {isa = PBXFileReference; lastKnownFileType = sourcecode.swift; path = DbHelper.swift; sourceTree = "<group>"; };
		046813AF2658724400797A72 /* SingUp.swift */ = {isa = PBXFileReference; lastKnownFileType = sourcecode.swift; path = SingUp.swift; sourceTree = "<group>"; };
		046813B12658724D00797A72 /* SignIn.swift */ = {isa = PBXFileReference; lastKnownFileType = sourcecode.swift; path = SignIn.swift; sourceTree = "<group>"; };
		046813BE2659C2E600797A72 /* IURLRequest.swift */ = {isa = PBXFileReference; lastKnownFileType = sourcecode.swift; path = IURLRequest.swift; sourceTree = "<group>"; };
		046813C12659C46D00797A72 /* Route.swift */ = {isa = PBXFileReference; lastKnownFileType = sourcecode.swift; path = Route.swift; sourceTree = "<group>"; };
		046813C62659CDF500797A72 /* InputValidation.swift */ = {isa = PBXFileReference; lastKnownFileType = sourcecode.swift; path = InputValidation.swift; sourceTree = "<group>"; };
		047D9B3126543DFD0091298E /* IGetResource.swift */ = {isa = PBXFileReference; lastKnownFileType = sourcecode.swift; path = IGetResource.swift; sourceTree = "<group>"; };
		048AEC5D2652D74900960670 /* RoundedButton.swift */ = {isa = PBXFileReference; lastKnownFileType = sourcecode.swift; path = RoundedButton.swift; sourceTree = "<group>"; };
		048AEC602652EECB00960670 /* AuthenticationViewController.swift */ = {isa = PBXFileReference; lastKnownFileType = sourcecode.swift; path = AuthenticationViewController.swift; sourceTree = "<group>"; };
		048AEC642652F06100960670 /* User.swift */ = {isa = PBXFileReference; lastKnownFileType = sourcecode.swift; path = User.swift; sourceTree = "<group>"; };
		048AEC672652F11B00960670 /* IWebService.swift */ = {isa = PBXFileReference; lastKnownFileType = sourcecode.swift; path = IWebService.swift; sourceTree = "<group>"; };
		048AEC6A2652F54E00960670 /* AuthenticationViewModel.swift */ = {isa = PBXFileReference; lastKnownFileType = sourcecode.swift; path = AuthenticationViewModel.swift; sourceTree = "<group>"; };
		048AEC6C2653001000960670 /* RouteName.swift */ = {isa = PBXFileReference; lastKnownFileType = sourcecode.swift; path = RouteName.swift; sourceTree = "<group>"; };
		048AEC6E26533B6200960670 /* HttpMethods.swift */ = {isa = PBXFileReference; lastKnownFileType = sourcecode.swift; path = HttpMethods.swift; sourceTree = "<group>"; };
		04A23C1226544F1300DF4F9D /* AuthenticationRepository.swift */ = {isa = PBXFileReference; lastKnownFileType = sourcecode.swift; path = AuthenticationRepository.swift; sourceTree = "<group>"; };
		04B90EE3264F63830099CAB9 /* RentCar.app */ = {isa = PBXFileReference; explicitFileType = wrapper.application; includeInIndex = 0; path = RentCar.app; sourceTree = BUILT_PRODUCTS_DIR; };
		04B90EE6264F63830099CAB9 /* AppDelegate.swift */ = {isa = PBXFileReference; lastKnownFileType = sourcecode.swift; path = AppDelegate.swift; sourceTree = "<group>"; };
		04B90EE8264F63830099CAB9 /* SceneDelegate.swift */ = {isa = PBXFileReference; lastKnownFileType = sourcecode.swift; path = SceneDelegate.swift; sourceTree = "<group>"; };
		04B90EEA264F63830099CAB9 /* HomeViewController.swift */ = {isa = PBXFileReference; lastKnownFileType = sourcecode.swift; path = HomeViewController.swift; sourceTree = "<group>"; };
		04B90EED264F63830099CAB9 /* Base */ = {isa = PBXFileReference; lastKnownFileType = file.storyboard; name = Base; path = Base.lproj/Main.storyboard; sourceTree = "<group>"; };
		04B90EEF264F63860099CAB9 /* Assets.xcassets */ = {isa = PBXFileReference; lastKnownFileType = folder.assetcatalog; path = Assets.xcassets; sourceTree = "<group>"; };
		04B90EF2264F63860099CAB9 /* Base */ = {isa = PBXFileReference; lastKnownFileType = file.storyboard; name = Base; path = Base.lproj/LaunchScreen.storyboard; sourceTree = "<group>"; };
		04B90EF4264F63860099CAB9 /* Info.plist */ = {isa = PBXFileReference; lastKnownFileType = text.plist.xml; path = Info.plist; sourceTree = "<group>"; };
		04BBAE2726580AFD00815B03 /* IPostResource.swift */ = {isa = PBXFileReference; lastKnownFileType = sourcecode.swift; path = IPostResource.swift; sourceTree = "<group>"; };
		04BBAE2926580B7800815B03 /* UserToken.swift */ = {isa = PBXFileReference; lastKnownFileType = sourcecode.swift; path = UserToken.swift; sourceTree = "<group>"; };
/* End PBXFileReference section */

/* Begin PBXFrameworksBuildPhase section */
		04B90EE0264F63830099CAB9 /* Frameworks */ = {
			isa = PBXFrameworksBuildPhase;
			buildActionMask = 2147483647;
			files = (
			);
			runOnlyForDeploymentPostprocessing = 0;
		};
/* End PBXFrameworksBuildPhase section */

/* Begin PBXGroup section */
		046813B42658808800797A72 /* App */ = {
			isa = PBXGroup;
			children = (
				04B90EE8264F63830099CAB9 /* SceneDelegate.swift */,
				04B90EE6264F63830099CAB9 /* AppDelegate.swift */,
			);
			path = App;
			sourceTree = "<group>";
		};
		046813B52658809700797A72 /* Features */ = {
			isa = PBXGroup;
			children = (
				04A23C1426545D5500DF4F9D /* Authentication */,
				04A23C1A26545E1C00DF4F9D /* Home */,
			);
			path = Features;
			sourceTree = "<group>";
		};
		046813C02659C46500797A72 /* Routes */ = {
			isa = PBXGroup;
			children = (
				046813C12659C46D00797A72 /* Route.swift */,
			);
			path = Routes;
			sourceTree = "<group>";
		};
		046813C52659CDD200797A72 /* Security */ = {
			isa = PBXGroup;
			children = (
				046813C62659CDF500797A72 /* InputValidation.swift */,
			);
			path = Security;
			sourceTree = "<group>";
		};
		048AEC372652CAC800960670 /* View */ = {
			isa = PBXGroup;
			children = (
				048AEC5D2652D74900960670 /* RoundedButton.swift */,
			);
			path = View;
			sourceTree = "<group>";
		};
		048AEC5F2652EEB000960670 /* Controller */ = {
			isa = PBXGroup;
			children = (
				04B90EEA264F63830099CAB9 /* HomeViewController.swift */,
			);
			path = Controller;
			sourceTree = "<group>";
		};
		048AEC662652F10F00960670 /* Provider */ = {
			isa = PBXGroup;
			children = (
				048AEC672652F11B00960670 /* IWebService.swift */,
				047D9B3126543DFD0091298E /* IGetResource.swift */,
				04BBAE2726580AFD00815B03 /* IPostResource.swift */,
				046813BE2659C2E600797A72 /* IURLRequest.swift */,
			);
			path = Provider;
			sourceTree = "<group>";
		};
		048AEC692652F22E00960670 /* Utils */ = {
			isa = PBXGroup;
			children = (
				048AEC6C2653001000960670 /* RouteName.swift */,
				048AEC6E26533B6200960670 /* HttpMethods.swift */,
				046813AC26586E9100797A72 /* DbHelper.swift */,
			);
			path = Utils;
			sourceTree = "<group>";
		};
		04A23C1426545D5500DF4F9D /* Authentication */ = {
			isa = PBXGroup;
			children = (
				046813C52659CDD200797A72 /* Security */,
				04A23C1B26545E5400DF4F9D /* Repository */,
				04A23C1926545DC500DF4F9D /* Controller */,
				04A23C1826545DBC00DF4F9D /* ViewModel */,
				04A23C1726545DA900DF4F9D /* Model */,
			);
			path = Authentication;
			sourceTree = "<group>";
		};
		04A23C1526545D9300DF4F9D /* Core */ = {
			isa = PBXGroup;
			children = (
				046813C02659C46500797A72 /* Routes */,
				048AEC662652F10F00960670 /* Provider */,
				048AEC372652CAC800960670 /* View */,
				048AEC692652F22E00960670 /* Utils */,
			);
			path = Core;
			sourceTree = "<group>";
		};
		04A23C1726545DA900DF4F9D /* Model */ = {
			isa = PBXGroup;
			children = (
				048AEC642652F06100960670 /* User.swift */,
				04BBAE2926580B7800815B03 /* UserToken.swift */,
				046813AF2658724400797A72 /* SingUp.swift */,
				046813B12658724D00797A72 /* SignIn.swift */,
			);
			path = Model;
			sourceTree = "<group>";
		};
		04A23C1826545DBC00DF4F9D /* ViewModel */ = {
			isa = PBXGroup;
			children = (
				048AEC6A2652F54E00960670 /* AuthenticationViewModel.swift */,
			);
			path = ViewModel;
			sourceTree = "<group>";
		};
		04A23C1926545DC500DF4F9D /* Controller */ = {
			isa = PBXGroup;
			children = (
				048AEC602652EECB00960670 /* AuthenticationViewController.swift */,
			);
			path = Controller;
			sourceTree = "<group>";
		};
		04A23C1A26545E1C00DF4F9D /* Home */ = {
			isa = PBXGroup;
			children = (
				048AEC5F2652EEB000960670 /* Controller */,
			);
			path = Home;
			sourceTree = "<group>";
		};
		04A23C1B26545E5400DF4F9D /* Repository */ = {
			isa = PBXGroup;
			children = (
				04A23C1226544F1300DF4F9D /* AuthenticationRepository.swift */,
			);
			path = Repository;
			sourceTree = "<group>";
		};
		04B90EDA264F63830099CAB9 = {
			isa = PBXGroup;
			children = (
				04B90EE5264F63830099CAB9 /* RentCar */,
				04B90EE4264F63830099CAB9 /* Products */,
			);
			sourceTree = "<group>";
		};
		04B90EE4264F63830099CAB9 /* Products */ = {
			isa = PBXGroup;
			children = (
				04B90EE3264F63830099CAB9 /* RentCar.app */,
			);
			name = Products;
			sourceTree = "<group>";
		};
		04B90EE5264F63830099CAB9 /* RentCar */ = {
			isa = PBXGroup;
			children = (
				046813B52658809700797A72 /* Features */,
				046813B42658808800797A72 /* App */,
				04A23C1526545D9300DF4F9D /* Core */,
				04B90EEC264F63830099CAB9 /* Main.storyboard */,
				04B90EEF264F63860099CAB9 /* Assets.xcassets */,
				04B90EF1264F63860099CAB9 /* LaunchScreen.storyboard */,
				04B90EF4264F63860099CAB9 /* Info.plist */,
			);
			path = RentCar;
			sourceTree = "<group>";
		};
/* End PBXGroup section */

/* Begin PBXNativeTarget section */
		04B90EE2264F63830099CAB9 /* RentCar */ = {
			isa = PBXNativeTarget;
			buildConfigurationList = 04B90EF7264F63860099CAB9 /* Build configuration list for PBXNativeTarget "RentCar" */;
			buildPhases = (
				04B90EDF264F63830099CAB9 /* Sources */,
				04B90EE0264F63830099CAB9 /* Frameworks */,
				04B90EE1264F63830099CAB9 /* Resources */,
			);
			buildRules = (
			);
			dependencies = (
			);
			name = RentCar;
			productName = RentCar;
			productReference = 04B90EE3264F63830099CAB9 /* RentCar.app */;
			productType = "com.apple.product-type.application";
		};
/* End PBXNativeTarget section */

/* Begin PBXProject section */
		04B90EDB264F63830099CAB9 /* Project object */ = {
			isa = PBXProject;
			attributes = {
				LastSwiftUpdateCheck = 1250;
				LastUpgradeCheck = 1250;
				TargetAttributes = {
					04B90EE2264F63830099CAB9 = {
						CreatedOnToolsVersion = 12.5;
					};
				};
			};
			buildConfigurationList = 04B90EDE264F63830099CAB9 /* Build configuration list for PBXProject "RentCar" */;
			compatibilityVersion = "Xcode 9.3";
			developmentRegion = en;
			hasScannedForEncodings = 0;
			knownRegions = (
				en,
				Base,
			);
			mainGroup = 04B90EDA264F63830099CAB9;
			productRefGroup = 04B90EE4264F63830099CAB9 /* Products */;
			projectDirPath = "";
			projectRoot = "";
			targets = (
				04B90EE2264F63830099CAB9 /* RentCar */,
			);
		};
/* End PBXProject section */

/* Begin PBXResourcesBuildPhase section */
		04B90EE1264F63830099CAB9 /* Resources */ = {
			isa = PBXResourcesBuildPhase;
			buildActionMask = 2147483647;
			files = (
				04B90EF3264F63860099CAB9 /* LaunchScreen.storyboard in Resources */,
				04B90EF0264F63860099CAB9 /* Assets.xcassets in Resources */,
				04B90EEE264F63830099CAB9 /* Main.storyboard in Resources */,
			);
			runOnlyForDeploymentPostprocessing = 0;
		};
/* End PBXResourcesBuildPhase section */

/* Begin PBXSourcesBuildPhase section */
		04B90EDF264F63830099CAB9 /* Sources */ = {
			isa = PBXSourcesBuildPhase;
			buildActionMask = 2147483647;
			files = (
				048AEC6F26533B6200960670 /* HttpMethods.swift in Sources */,
				04B90EEB264F63830099CAB9 /* HomeViewController.swift in Sources */,
				046813B22658724D00797A72 /* SignIn.swift in Sources */,
				046813C72659CDF500797A72 /* InputValidation.swift in Sources */,
				04B90EE7264F63830099CAB9 /* AppDelegate.swift in Sources */,
				048AEC6D2653001000960670 /* RouteName.swift in Sources */,
				04BBAE2A26580B7800815B03 /* UserToken.swift in Sources */,
				047D9B3226543DFD0091298E /* IGetResource.swift in Sources */,
				048AEC682652F11B00960670 /* IWebService.swift in Sources */,
				048AEC652652F06100960670 /* User.swift in Sources */,
				046813BF2659C2E600797A72 /* IURLRequest.swift in Sources */,
				04BBAE2826580AFD00815B03 /* IPostResource.swift in Sources */,
				048AEC6B2652F54E00960670 /* AuthenticationViewModel.swift in Sources */,
				048AEC612652EECB00960670 /* AuthenticationViewController.swift in Sources */,
				04A23C1326544F1300DF4F9D /* AuthenticationRepository.swift in Sources */,
				04B90EE9264F63830099CAB9 /* SceneDelegate.swift in Sources */,
				046813B02658724400797A72 /* SingUp.swift in Sources */,
				046813AD26586E9100797A72 /* DbHelper.swift in Sources */,
				048AEC5E2652D74900960670 /* RoundedButton.swift in Sources */,
				046813C22659C46D00797A72 /* Route.swift in Sources */,
			);
			runOnlyForDeploymentPostprocessing = 0;
		};
/* End PBXSourcesBuildPhase section */

/* Begin PBXVariantGroup section */
		04B90EEC264F63830099CAB9 /* Main.storyboard */ = {
			isa = PBXVariantGroup;
			children = (
				04B90EED264F63830099CAB9 /* Base */,
			);
			name = Main.storyboard;
			sourceTree = "<group>";
		};
		04B90EF1264F63860099CAB9 /* LaunchScreen.storyboard */ = {
			isa = PBXVariantGroup;
			children = (
				04B90EF2264F63860099CAB9 /* Base */,
			);
			name = LaunchScreen.storyboard;
			sourceTree = "<group>";
		};
/* End PBXVariantGroup section */

/* Begin XCBuildConfiguration section */
		04B90EF5264F63860099CAB9 /* Debug */ = {
			isa = XCBuildConfiguration;
			buildSettings = {
				ALWAYS_SEARCH_USER_PATHS = NO;
				CLANG_ANALYZER_NONNULL = YES;
				CLANG_ANALYZER_NUMBER_OBJECT_CONVERSION = YES_AGGRESSIVE;
				CLANG_CXX_LANGUAGE_STANDARD = "gnu++14";
				CLANG_CXX_LIBRARY = "libc++";
				CLANG_ENABLE_MODULES = YES;
				CLANG_ENABLE_OBJC_ARC = YES;
				CLANG_ENABLE_OBJC_WEAK = YES;
				CLANG_WARN_BLOCK_CAPTURE_AUTORELEASING = YES;
				CLANG_WARN_BOOL_CONVERSION = YES;
				CLANG_WARN_COMMA = YES;
				CLANG_WARN_CONSTANT_CONVERSION = YES;
				CLANG_WARN_DEPRECATED_OBJC_IMPLEMENTATIONS = YES;
				CLANG_WARN_DIRECT_OBJC_ISA_USAGE = YES_ERROR;
				CLANG_WARN_DOCUMENTATION_COMMENTS = YES;
				CLANG_WARN_EMPTY_BODY = YES;
				CLANG_WARN_ENUM_CONVERSION = YES;
				CLANG_WARN_INFINITE_RECURSION = YES;
				CLANG_WARN_INT_CONVERSION = YES;
				CLANG_WARN_NON_LITERAL_NULL_CONVERSION = YES;
				CLANG_WARN_OBJC_IMPLICIT_RETAIN_SELF = YES;
				CLANG_WARN_OBJC_LITERAL_CONVERSION = YES;
				CLANG_WARN_OBJC_ROOT_CLASS = YES_ERROR;
				CLANG_WARN_QUOTED_INCLUDE_IN_FRAMEWORK_HEADER = YES;
				CLANG_WARN_RANGE_LOOP_ANALYSIS = YES;
				CLANG_WARN_STRICT_PROTOTYPES = YES;
				CLANG_WARN_SUSPICIOUS_MOVE = YES;
				CLANG_WARN_UNGUARDED_AVAILABILITY = YES_AGGRESSIVE;
				CLANG_WARN_UNREACHABLE_CODE = YES;
				CLANG_WARN__DUPLICATE_METHOD_MATCH = YES;
				COPY_PHASE_STRIP = NO;
				DEBUG_INFORMATION_FORMAT = dwarf;
				ENABLE_STRICT_OBJC_MSGSEND = YES;
				ENABLE_TESTABILITY = YES;
				GCC_C_LANGUAGE_STANDARD = gnu11;
				GCC_DYNAMIC_NO_PIC = NO;
				GCC_NO_COMMON_BLOCKS = YES;
				GCC_OPTIMIZATION_LEVEL = 0;
				GCC_PREPROCESSOR_DEFINITIONS = (
					"DEBUG=1",
					"$(inherited)",
				);
				GCC_WARN_64_TO_32_BIT_CONVERSION = YES;
				GCC_WARN_ABOUT_RETURN_TYPE = YES_ERROR;
				GCC_WARN_UNDECLARED_SELECTOR = YES;
				GCC_WARN_UNINITIALIZED_AUTOS = YES_AGGRESSIVE;
				GCC_WARN_UNUSED_FUNCTION = YES;
				GCC_WARN_UNUSED_VARIABLE = YES;
				IPHONEOS_DEPLOYMENT_TARGET = 14.5;
				MTL_ENABLE_DEBUG_INFO = INCLUDE_SOURCE;
				MTL_FAST_MATH = YES;
				ONLY_ACTIVE_ARCH = YES;
				SDKROOT = iphoneos;
				SWIFT_ACTIVE_COMPILATION_CONDITIONS = DEBUG;
				SWIFT_OPTIMIZATION_LEVEL = "-Onone";
			};
			name = Debug;
		};
		04B90EF6264F63860099CAB9 /* Release */ = {
			isa = XCBuildConfiguration;
			buildSettings = {
				ALWAYS_SEARCH_USER_PATHS = NO;
				CLANG_ANALYZER_NONNULL = YES;
				CLANG_ANALYZER_NUMBER_OBJECT_CONVERSION = YES_AGGRESSIVE;
				CLANG_CXX_LANGUAGE_STANDARD = "gnu++14";
				CLANG_CXX_LIBRARY = "libc++";
				CLANG_ENABLE_MODULES = YES;
				CLANG_ENABLE_OBJC_ARC = YES;
				CLANG_ENABLE_OBJC_WEAK = YES;
				CLANG_WARN_BLOCK_CAPTURE_AUTORELEASING = YES;
				CLANG_WARN_BOOL_CONVERSION = YES;
				CLANG_WARN_COMMA = YES;
				CLANG_WARN_CONSTANT_CONVERSION = YES;
				CLANG_WARN_DEPRECATED_OBJC_IMPLEMENTATIONS = YES;
				CLANG_WARN_DIRECT_OBJC_ISA_USAGE = YES_ERROR;
				CLANG_WARN_DOCUMENTATION_COMMENTS = YES;
				CLANG_WARN_EMPTY_BODY = YES;
				CLANG_WARN_ENUM_CONVERSION = YES;
				CLANG_WARN_INFINITE_RECURSION = YES;
				CLANG_WARN_INT_CONVERSION = YES;
				CLANG_WARN_NON_LITERAL_NULL_CONVERSION = YES;
				CLANG_WARN_OBJC_IMPLICIT_RETAIN_SELF = YES;
				CLANG_WARN_OBJC_LITERAL_CONVERSION = YES;
				CLANG_WARN_OBJC_ROOT_CLASS = YES_ERROR;
				CLANG_WARN_QUOTED_INCLUDE_IN_FRAMEWORK_HEADER = YES;
				CLANG_WARN_RANGE_LOOP_ANALYSIS = YES;
				CLANG_WARN_STRICT_PROTOTYPES = YES;
				CLANG_WARN_SUSPICIOUS_MOVE = YES;
				CLANG_WARN_UNGUARDED_AVAILABILITY = YES_AGGRESSIVE;
				CLANG_WARN_UNREACHABLE_CODE = YES;
				CLANG_WARN__DUPLICATE_METHOD_MATCH = YES;
				COPY_PHASE_STRIP = NO;
				DEBUG_INFORMATION_FORMAT = "dwarf-with-dsym";
				ENABLE_NS_ASSERTIONS = NO;
				ENABLE_STRICT_OBJC_MSGSEND = YES;
				GCC_C_LANGUAGE_STANDARD = gnu11;
				GCC_NO_COMMON_BLOCKS = YES;
				GCC_WARN_64_TO_32_BIT_CONVERSION = YES;
				GCC_WARN_ABOUT_RETURN_TYPE = YES_ERROR;
				GCC_WARN_UNDECLARED_SELECTOR = YES;
				GCC_WARN_UNINITIALIZED_AUTOS = YES_AGGRESSIVE;
				GCC_WARN_UNUSED_FUNCTION = YES;
				GCC_WARN_UNUSED_VARIABLE = YES;
				IPHONEOS_DEPLOYMENT_TARGET = 14.5;
				MTL_ENABLE_DEBUG_INFO = NO;
				MTL_FAST_MATH = YES;
				SDKROOT = iphoneos;
				SWIFT_COMPILATION_MODE = wholemodule;
				SWIFT_OPTIMIZATION_LEVEL = "-O";
				VALIDATE_PRODUCT = YES;
			};
			name = Release;
		};
		04B90EF8264F63860099CAB9 /* Debug */ = {
			isa = XCBuildConfiguration;
			buildSettings = {
				ASSETCATALOG_COMPILER_APPICON_NAME = AppIcon;
				ASSETCATALOG_COMPILER_GLOBAL_ACCENT_COLOR_NAME = AccentColor;
				CODE_SIGN_STYLE = Automatic;
				DEVELOPMENT_TEAM = WQNY636DWS;
				INFOPLIST_FILE = RentCar/Info.plist;
				LD_RUNPATH_SEARCH_PATHS = (
					"$(inherited)",
					"@executable_path/Frameworks",
				);
				PRODUCT_BUNDLE_IDENTIFIER = com.jastinmattinez.RentCar;
				PRODUCT_NAME = "$(TARGET_NAME)";
				SWIFT_VERSION = 5.0;
				TARGETED_DEVICE_FAMILY = "1,2";
			};
			name = Debug;
		};
		04B90EF9264F63860099CAB9 /* Release */ = {
			isa = XCBuildConfiguration;
			buildSettings = {
				ASSETCATALOG_COMPILER_APPICON_NAME = AppIcon;
				ASSETCATALOG_COMPILER_GLOBAL_ACCENT_COLOR_NAME = AccentColor;
				CODE_SIGN_STYLE = Automatic;
				DEVELOPMENT_TEAM = WQNY636DWS;
				INFOPLIST_FILE = RentCar/Info.plist;
				LD_RUNPATH_SEARCH_PATHS = (
					"$(inherited)",
					"@executable_path/Frameworks",
				);
				PRODUCT_BUNDLE_IDENTIFIER = com.jastinmattinez.RentCar;
				PRODUCT_NAME = "$(TARGET_NAME)";
				SWIFT_VERSION = 5.0;
				TARGETED_DEVICE_FAMILY = "1,2";
			};
			name = Release;
		};
/* End XCBuildConfiguration section */

/* Begin XCConfigurationList section */
		04B90EDE264F63830099CAB9 /* Build configuration list for PBXProject "RentCar" */ = {
			isa = XCConfigurationList;
			buildConfigurations = (
				04B90EF5264F63860099CAB9 /* Debug */,
				04B90EF6264F63860099CAB9 /* Release */,
			);
			defaultConfigurationIsVisible = 0;
			defaultConfigurationName = Release;
		};
		04B90EF7264F63860099CAB9 /* Build configuration list for PBXNativeTarget "RentCar" */ = {
			isa = XCConfigurationList;
			buildConfigurations = (
				04B90EF8264F63860099CAB9 /* Debug */,
				04B90EF9264F63860099CAB9 /* Release */,
			);
			defaultConfigurationIsVisible = 0;
			defaultConfigurationName = Release;
		};
/* End XCConfigurationList section */
	};
	rootObject = 04B90EDB264F63830099CAB9 /* Project object */;
}
